// !$*UTF8*$!
{
	archiveVersion = 1;
	classes = {
	};
	objectVersion = 51;
	objects = {

/* Begin PBXBuildFile section */
		2DA3B220232C56200013A37D /* AppDelegate.swift in Sources */ = {isa = PBXBuildFile; fileRef = 2DA3B21F232C56200013A37D /* AppDelegate.swift */; };
		2DA3B222232C56200013A37D /* ViewController.swift in Sources */ = {isa = PBXBuildFile; fileRef = 2DA3B221232C56200013A37D /* ViewController.swift */; };
		2DA3B227232C56210013A37D /* Assets.xcassets in Resources */ = {isa = PBXBuildFile; fileRef = 2DA3B226232C56210013A37D /* Assets.xcassets */; };
		2DA3B232232C5A040013A37D /* Main.storyboard in Resources */ = {isa = PBXBuildFile; fileRef = 2DA3B231232C5A040013A37D /* Main.storyboard */; };
		2DA3B259232C5C540013A37D /* LaunchScreen.storyboard in Resources */ = {isa = PBXBuildFile; fileRef = 2DA3B258232C5C540013A37D /* LaunchScreen.storyboard */; };
		2DA3B25D232C5E260013A37D /* HomeVC.swift in Sources */ = {isa = PBXBuildFile; fileRef = 2DA3B25C232C5E260013A37D /* HomeVC.swift */; };
		2DA3B25F232C5E500013A37D /* LeftSidePanelVC.swift in Sources */ = {isa = PBXBuildFile; fileRef = 2DA3B25E232C5E500013A37D /* LeftSidePanelVC.swift */; };
		2DA3B261232C5E730013A37D /* ContainerVC.swift in Sources */ = {isa = PBXBuildFile; fileRef = 2DA3B260232C5E730013A37D /* ContainerVC.swift */; };
		2DA3B263232C5E900013A37D /* LoginVC.swift in Sources */ = {isa = PBXBuildFile; fileRef = 2DA3B262232C5E900013A37D /* LoginVC.swift */; };
		2DA3B265232C5EAE0013A37D /* PickupVC.swift in Sources */ = {isa = PBXBuildFile; fileRef = 2DA3B264232C5EAE0013A37D /* PickupVC.swift */; };
		2DA3B267232C60A80013A37D /* GradientView.swift in Sources */ = {isa = PBXBuildFile; fileRef = 2DA3B266232C60A80013A37D /* GradientView.swift */; };
		2DA3B269232C60D00013A37D /* RoundImageView.swift in Sources */ = {isa = PBXBuildFile; fileRef = 2DA3B268232C60D00013A37D /* RoundImageView.swift */; };
		2DA3B26B232C60F00013A37D /* RoundedShadowView.swift in Sources */ = {isa = PBXBuildFile; fileRef = 2DA3B26A232C60F00013A37D /* RoundedShadowView.swift */; };
		2DA3B26D232C61120013A37D /* CircleView.swift in Sources */ = {isa = PBXBuildFile; fileRef = 2DA3B26C232C61120013A37D /* CircleView.swift */; };
		2DA3B26F232C612C0013A37D /* RoundedShadowButton.swift in Sources */ = {isa = PBXBuildFile; fileRef = 2DA3B26E232C612C0013A37D /* RoundedShadowButton.swift */; };
		2DA3B271232C614A0013A37D /* RoudedCornerTextField.swift in Sources */ = {isa = PBXBuildFile; fileRef = 2DA3B270232C614A0013A37D /* RoudedCornerTextField.swift */; };
		2DA3B273232C615D0013A37D /* DriverAnnotation.swift in Sources */ = {isa = PBXBuildFile; fileRef = 2DA3B272232C615D0013A37D /* DriverAnnotation.swift */; };
		2DA3B275232C619F0013A37D /* PassengerAnnotation.swift in Sources */ = {isa = PBXBuildFile; fileRef = 2DA3B274232C619F0013A37D /* PassengerAnnotation.swift */; };
		2DA3B277232C61B20013A37D /* RoundMapView.swift in Sources */ = {isa = PBXBuildFile; fileRef = 2DA3B276232C61B20013A37D /* RoundMapView.swift */; };
		2DA3B279232C61E30013A37D /* CenterVCDelegate.swift in Sources */ = {isa = PBXBuildFile; fileRef = 2DA3B278232C61E30013A37D /* CenterVCDelegate.swift */; };
		2DA3B27B232C61F50013A37D /* Alertable.swift in Sources */ = {isa = PBXBuildFile; fileRef = 2DA3B27A232C61F50013A37D /* Alertable.swift */; };
		2DA3B27D232C62130013A37D /* UIViewExt.swift in Sources */ = {isa = PBXBuildFile; fileRef = 2DA3B27C232C62130013A37D /* UIViewExt.swift */; };
		2DA3B27F232C62370013A37D /* UIViewControllerExt.swift in Sources */ = {isa = PBXBuildFile; fileRef = 2DA3B27E232C62370013A37D /* UIViewControllerExt.swift */; };
		2DA3B281232C624F0013A37D /* DataService.swift in Sources */ = {isa = PBXBuildFile; fileRef = 2DA3B280232C624F0013A37D /* DataService.swift */; };
		2DA3B283232C62650013A37D /* UpdateService.swift in Sources */ = {isa = PBXBuildFile; fileRef = 2DA3B282232C62650013A37D /* UpdateService.swift */; };
		2DA3B285232C627B0013A37D /* Constants.swift in Sources */ = {isa = PBXBuildFile; fileRef = 2DA3B284232C627B0013A37D /* Constants.swift */; };
		2DA3B288232C728F0013A37D /* GoogleService-Info.plist in Resources */ = {isa = PBXBuildFile; fileRef = 2DA3B286232C642C0013A37D /* GoogleService-Info.plist */; };
		6095D01128D4B89CF7BEFB06 /* Pods_RidesharingSimulator_development.framework in Frameworks */ = {isa = PBXBuildFile; fileRef = DA4F253ED3E42E7107CB0FE7 /* Pods_RidesharingSimulator_development.framework */; };
/* End PBXBuildFile section */

/* Begin PBXFileReference section */
		2DA3B21C232C56200013A37D /* RidesharingSimulator-development.app */ = {isa = PBXFileReference; explicitFileType = wrapper.application; includeInIndex = 0; path = "RidesharingSimulator-development.app"; sourceTree = BUILT_PRODUCTS_DIR; };
		2DA3B21F232C56200013A37D /* AppDelegate.swift */ = {isa = PBXFileReference; lastKnownFileType = sourcecode.swift; path = AppDelegate.swift; sourceTree = "<group>"; };
		2DA3B221232C56200013A37D /* ViewController.swift */ = {isa = PBXFileReference; lastKnownFileType = sourcecode.swift; path = ViewController.swift; sourceTree = "<group>"; };
		2DA3B226232C56210013A37D /* Assets.xcassets */ = {isa = PBXFileReference; lastKnownFileType = folder.assetcatalog; path = Assets.xcassets; sourceTree = "<group>"; };
		2DA3B22B232C56210013A37D /* Info.plist */ = {isa = PBXFileReference; lastKnownFileType = text.plist.xml; path = Info.plist; sourceTree = "<group>"; };
		2DA3B231232C5A040013A37D /* Main.storyboard */ = {isa = PBXFileReference; fileEncoding = 4; lastKnownFileType = file.storyboard; path = Main.storyboard; sourceTree = "<group>"; };
		2DA3B258232C5C540013A37D /* LaunchScreen.storyboard */ = {isa = PBXFileReference; fileEncoding = 4; lastKnownFileType = file.storyboard; path = LaunchScreen.storyboard; sourceTree = "<group>"; };
		2DA3B25C232C5E260013A37D /* HomeVC.swift */ = {isa = PBXFileReference; lastKnownFileType = sourcecode.swift; path = HomeVC.swift; sourceTree = "<group>"; };
		2DA3B25E232C5E500013A37D /* LeftSidePanelVC.swift */ = {isa = PBXFileReference; lastKnownFileType = sourcecode.swift; path = LeftSidePanelVC.swift; sourceTree = "<group>"; };
		2DA3B260232C5E730013A37D /* ContainerVC.swift */ = {isa = PBXFileReference; lastKnownFileType = sourcecode.swift; path = ContainerVC.swift; sourceTree = "<group>"; };
		2DA3B262232C5E900013A37D /* LoginVC.swift */ = {isa = PBXFileReference; lastKnownFileType = sourcecode.swift; path = LoginVC.swift; sourceTree = "<group>"; };
		2DA3B264232C5EAE0013A37D /* PickupVC.swift */ = {isa = PBXFileReference; lastKnownFileType = sourcecode.swift; path = PickupVC.swift; sourceTree = "<group>"; };
		2DA3B266232C60A80013A37D /* GradientView.swift */ = {isa = PBXFileReference; lastKnownFileType = sourcecode.swift; path = GradientView.swift; sourceTree = "<group>"; };
		2DA3B268232C60D00013A37D /* RoundImageView.swift */ = {isa = PBXFileReference; lastKnownFileType = sourcecode.swift; path = RoundImageView.swift; sourceTree = "<group>"; };
		2DA3B26A232C60F00013A37D /* RoundedShadowView.swift */ = {isa = PBXFileReference; lastKnownFileType = sourcecode.swift; path = RoundedShadowView.swift; sourceTree = "<group>"; };
		2DA3B26C232C61120013A37D /* CircleView.swift */ = {isa = PBXFileReference; lastKnownFileType = sourcecode.swift; path = CircleView.swift; sourceTree = "<group>"; };
		2DA3B26E232C612C0013A37D /* RoundedShadowButton.swift */ = {isa = PBXFileReference; lastKnownFileType = sourcecode.swift; path = RoundedShadowButton.swift; sourceTree = "<group>"; };
		2DA3B270232C614A0013A37D /* RoudedCornerTextField.swift */ = {isa = PBXFileReference; lastKnownFileType = sourcecode.swift; path = RoudedCornerTextField.swift; sourceTree = "<group>"; };
		2DA3B272232C615D0013A37D /* DriverAnnotation.swift */ = {isa = PBXFileReference; lastKnownFileType = sourcecode.swift; path = DriverAnnotation.swift; sourceTree = "<group>"; };
		2DA3B274232C619F0013A37D /* PassengerAnnotation.swift */ = {isa = PBXFileReference; lastKnownFileType = sourcecode.swift; path = PassengerAnnotation.swift; sourceTree = "<group>"; };
		2DA3B276232C61B20013A37D /* RoundMapView.swift */ = {isa = PBXFileReference; lastKnownFileType = sourcecode.swift; path = RoundMapView.swift; sourceTree = "<group>"; };
		2DA3B278232C61E30013A37D /* CenterVCDelegate.swift */ = {isa = PBXFileReference; lastKnownFileType = sourcecode.swift; path = CenterVCDelegate.swift; sourceTree = "<group>"; };
		2DA3B27A232C61F50013A37D /* Alertable.swift */ = {isa = PBXFileReference; lastKnownFileType = sourcecode.swift; path = Alertable.swift; sourceTree = "<group>"; };
		2DA3B27C232C62130013A37D /* UIViewExt.swift */ = {isa = PBXFileReference; lastKnownFileType = sourcecode.swift; path = UIViewExt.swift; sourceTree = "<group>"; };
		2DA3B27E232C62370013A37D /* UIViewControllerExt.swift */ = {isa = PBXFileReference; lastKnownFileType = sourcecode.swift; path = UIViewControllerExt.swift; sourceTree = "<group>"; };
		2DA3B280232C624F0013A37D /* DataService.swift */ = {isa = PBXFileReference; lastKnownFileType = sourcecode.swift; path = DataService.swift; sourceTree = "<group>"; };
		2DA3B282232C62650013A37D /* UpdateService.swift */ = {isa = PBXFileReference; lastKnownFileType = sourcecode.swift; path = UpdateService.swift; sourceTree = "<group>"; };
		2DA3B284232C627B0013A37D /* Constants.swift */ = {isa = PBXFileReference; lastKnownFileType = sourcecode.swift; path = Constants.swift; sourceTree = "<group>"; };
		2DA3B286232C642C0013A37D /* GoogleService-Info.plist */ = {isa = PBXFileReference; fileEncoding = 4; lastKnownFileType = text.plist.xml; path = "GoogleService-Info.plist"; sourceTree = "<group>"; };
		5283DA62A9F808511B493559 /* Pods-RidesharingSimulator-development.debug.xcconfig */ = {isa = PBXFileReference; includeInIndex = 1; lastKnownFileType = text.xcconfig; name = "Pods-RidesharingSimulator-development.debug.xcconfig"; path = "Target Support Files/Pods-RidesharingSimulator-development/Pods-RidesharingSimulator-development.debug.xcconfig"; sourceTree = "<group>"; };
		A47BAB83B1370AAF14B8AB4D /* Pods-RidesharingSimulator-development.release.xcconfig */ = {isa = PBXFileReference; includeInIndex = 1; lastKnownFileType = text.xcconfig; name = "Pods-RidesharingSimulator-development.release.xcconfig"; path = "Target Support Files/Pods-RidesharingSimulator-development/Pods-RidesharingSimulator-development.release.xcconfig"; sourceTree = "<group>"; };
		DA4F253ED3E42E7107CB0FE7 /* Pods_RidesharingSimulator_development.framework */ = {isa = PBXFileReference; explicitFileType = wrapper.framework; includeInIndex = 0; path = Pods_RidesharingSimulator_development.framework; sourceTree = BUILT_PRODUCTS_DIR; };
/* End PBXFileReference section */

/* Begin PBXFrameworksBuildPhase section */
		2DA3B219232C56200013A37D /* Frameworks */ = {
			isa = PBXFrameworksBuildPhase;
			buildActionMask = 2147483647;
			files = (
				6095D01128D4B89CF7BEFB06 /* Pods_RidesharingSimulator_development.framework in Frameworks */,
			);
			runOnlyForDeploymentPostprocessing = 0;
		};
/* End PBXFrameworksBuildPhase section */

/* Begin PBXGroup section */
		10986C05480559E99D63B342 /* Frameworks */ = {
			isa = PBXGroup;
			children = (
				DA4F253ED3E42E7107CB0FE7 /* Pods_RidesharingSimulator_development.framework */,
			);
			name = Frameworks;
			sourceTree = "<group>";
		};
		2DA3B213232C561F0013A37D = {
			isa = PBXGroup;
			children = (
				2DA3B21E232C56200013A37D /* RidesharingSimulator-development */,
				2DA3B21D232C56200013A37D /* Products */,
				B87AB30A2814166E7A87AC84 /* Pods */,
				10986C05480559E99D63B342 /* Frameworks */,
			);
			sourceTree = "<group>";
		};
		2DA3B21D232C56200013A37D /* Products */ = {
			isa = PBXGroup;
			children = (
				2DA3B21C232C56200013A37D /* RidesharingSimulator-development.app */,
			);
			name = Products;
			sourceTree = "<group>";
		};
		2DA3B21E232C56200013A37D /* RidesharingSimulator-development */ = {
			isa = PBXGroup;
			children = (
				2DA3B239232C5B910013A37D /* Controller */,
				2DA3B238232C5B8C0013A37D /* View */,
				2DA3B236232C5B810013A37D /* Protocols */,
				2DA3B235232C5B740013A37D /* Extensions */,
				2DA3B234232C5B6E0013A37D /* Services */,
				2DA3B233232C5B650013A37D /* Resources */,
				2DA3B21F232C56200013A37D /* AppDelegate.swift */,
				2DA3B221232C56200013A37D /* ViewController.swift */,
				2DA3B231232C5A040013A37D /* Main.storyboard */,
				2DA3B226232C56210013A37D /* Assets.xcassets */,
				2DA3B258232C5C540013A37D /* LaunchScreen.storyboard */,
				2DA3B22B232C56210013A37D /* Info.plist */,
				2DA3B286232C642C0013A37D /* GoogleService-Info.plist */,
			);
			path = "RidesharingSimulator-development";
			sourceTree = "<group>";
		};
		2DA3B233232C5B650013A37D /* Resources */ = {
			isa = PBXGroup;
			children = (
				2DA3B284232C627B0013A37D /* Constants.swift */,
			);
			path = Resources;
			sourceTree = "<group>";
		};
		2DA3B234232C5B6E0013A37D /* Services */ = {
			isa = PBXGroup;
			children = (
				2DA3B280232C624F0013A37D /* DataService.swift */,
				2DA3B282232C62650013A37D /* UpdateService.swift */,
			);
			path = Services;
			sourceTree = "<group>";
		};
		2DA3B235232C5B740013A37D /* Extensions */ = {
			isa = PBXGroup;
			children = (
				2DA3B27C232C62130013A37D /* UIViewExt.swift */,
				2DA3B27E232C62370013A37D /* UIViewControllerExt.swift */,
			);
			path = Extensions;
			sourceTree = "<group>";
		};
		2DA3B236232C5B810013A37D /* Protocols */ = {
			isa = PBXGroup;
			children = (
				2DA3B278232C61E30013A37D /* CenterVCDelegate.swift */,
				2DA3B27A232C61F50013A37D /* Alertable.swift */,
			);
			path = Protocols;
			sourceTree = "<group>";
		};
		2DA3B238232C5B8C0013A37D /* View */ = {
			isa = PBXGroup;
			children = (
				2DA3B266232C60A80013A37D /* GradientView.swift */,
				2DA3B268232C60D00013A37D /* RoundImageView.swift */,
				2DA3B26A232C60F00013A37D /* RoundedShadowView.swift */,
				2DA3B26C232C61120013A37D /* CircleView.swift */,
				2DA3B26E232C612C0013A37D /* RoundedShadowButton.swift */,
				2DA3B270232C614A0013A37D /* RoudedCornerTextField.swift */,
				2DA3B272232C615D0013A37D /* DriverAnnotation.swift */,
				2DA3B274232C619F0013A37D /* PassengerAnnotation.swift */,
				2DA3B276232C61B20013A37D /* RoundMapView.swift */,
			);
			path = View;
			sourceTree = "<group>";
		};
		2DA3B239232C5B910013A37D /* Controller */ = {
			isa = PBXGroup;
			children = (
				2DA3B25C232C5E260013A37D /* HomeVC.swift */,
				2DA3B25E232C5E500013A37D /* LeftSidePanelVC.swift */,
				2DA3B260232C5E730013A37D /* ContainerVC.swift */,
				2DA3B262232C5E900013A37D /* LoginVC.swift */,
				2DA3B264232C5EAE0013A37D /* PickupVC.swift */,
			);
			path = Controller;
			sourceTree = "<group>";
		};
		B87AB30A2814166E7A87AC84 /* Pods */ = {
			isa = PBXGroup;
			children = (
				5283DA62A9F808511B493559 /* Pods-RidesharingSimulator-development.debug.xcconfig */,
				A47BAB83B1370AAF14B8AB4D /* Pods-RidesharingSimulator-development.release.xcconfig */,
			);
			path = Pods;
			sourceTree = "<group>";
		};
/* End PBXGroup section */

/* Begin PBXNativeTarget section */
		2DA3B21B232C56200013A37D /* RidesharingSimulator-development */ = {
			isa = PBXNativeTarget;
			buildConfigurationList = 2DA3B22E232C56210013A37D /* Build configuration list for PBXNativeTarget "RidesharingSimulator-development" */;
			buildPhases = (
				5372B4D0E124FF325236FAF2 /* [CP] Check Pods Manifest.lock */,
				2DA3B218232C56200013A37D /* Sources */,
				2DA3B219232C56200013A37D /* Frameworks */,
				2DA3B21A232C56200013A37D /* Resources */,
				6208A164976A82339214AF31 /* [CP] Embed Pods Frameworks */,
			);
			buildRules = (
			);
			dependencies = (
			);
			name = "RidesharingSimulator-development";
			productName = "RidesharingSimulator-development";
			productReference = 2DA3B21C232C56200013A37D /* RidesharingSimulator-development.app */;
			productType = "com.apple.product-type.application";
		};
/* End PBXNativeTarget section */

/* Begin PBXProject section */
		2DA3B214232C561F0013A37D /* Project object */ = {
			isa = PBXProject;
			attributes = {
				LastSwiftUpdateCheck = 1030;
				LastUpgradeCheck = 1030;
				ORGANIZATIONNAME = "Ignacio Nevarez";
				TargetAttributes = {
					2DA3B21B232C56200013A37D = {
						CreatedOnToolsVersion = 10.3;
					};
				};
			};
			buildConfigurationList = 2DA3B217232C561F0013A37D /* Build configuration list for PBXProject "RidesharingSimulator-development" */;
			compatibilityVersion = "Xcode 9.3";
			developmentRegion = en;
			hasScannedForEncodings = 0;
			knownRegions = (
				en,
				Base,
			);
			mainGroup = 2DA3B213232C561F0013A37D;
			productRefGroup = 2DA3B21D232C56200013A37D /* Products */;
			projectDirPath = "";
			projectRoot = "";
			targets = (
				2DA3B21B232C56200013A37D /* RidesharingSimulator-development */,
			);
		};
/* End PBXProject section */

/* Begin PBXResourcesBuildPhase section */
		2DA3B21A232C56200013A37D /* Resources */ = {
			isa = PBXResourcesBuildPhase;
			buildActionMask = 2147483647;
			files = (
				2DA3B259232C5C540013A37D /* LaunchScreen.storyboard in Resources */,
				2DA3B288232C728F0013A37D /* GoogleService-Info.plist in Resources */,
				2DA3B227232C56210013A37D /* Assets.xcassets in Resources */,
				2DA3B232232C5A040013A37D /* Main.storyboard in Resources */,
			);
			runOnlyForDeploymentPostprocessing = 0;
		};
/* End PBXResourcesBuildPhase section */

/* Begin PBXShellScriptBuildPhase section */
		5372B4D0E124FF325236FAF2 /* [CP] Check Pods Manifest.lock */ = {
			isa = PBXShellScriptBuildPhase;
			buildActionMask = 2147483647;
			files = (
			);
			inputFileListPaths = (
			);
			inputPaths = (
				"${PODS_PODFILE_DIR_PATH}/Podfile.lock",
				"${PODS_ROOT}/Manifest.lock",
			);
			name = "[CP] Check Pods Manifest.lock";
			outputFileListPaths = (
			);
			outputPaths = (
				"$(DERIVED_FILE_DIR)/Pods-RidesharingSimulator-development-checkManifestLockResult.txt",
			);
			runOnlyForDeploymentPostprocessing = 0;
			shellPath = /bin/sh;
			shellScript = "diff \"${PODS_PODFILE_DIR_PATH}/Podfile.lock\" \"${PODS_ROOT}/Manifest.lock\" > /dev/null\nif [ $? != 0 ] ; then\n    # print error to STDERR\n    echo \"error: The sandbox is not in sync with the Podfile.lock. Run 'pod install' or update your CocoaPods installation.\" >&2\n    exit 1\nfi\n# This output is used by Xcode 'outputs' to avoid re-running this script phase.\necho \"SUCCESS\" > \"${SCRIPT_OUTPUT_FILE_0}\"\n";
			showEnvVarsInLog = 0;
		};
		6208A164976A82339214AF31 /* [CP] Embed Pods Frameworks */ = {
			isa = PBXShellScriptBuildPhase;
			buildActionMask = 2147483647;
			files = (
			);
			inputFileListPaths = (
				"${PODS_ROOT}/Target Support Files/Pods-RidesharingSimulator-development/Pods-RidesharingSimulator-development-frameworks-${CONFIGURATION}-input-files.xcfilelist",
			);
			name = "[CP] Embed Pods Frameworks";
			outputFileListPaths = (
				"${PODS_ROOT}/Target Support Files/Pods-RidesharingSimulator-development/Pods-RidesharingSimulator-development-frameworks-${CONFIGURATION}-output-files.xcfilelist",
			);
			runOnlyForDeploymentPostprocessing = 0;
			shellPath = /bin/sh;
			shellScript = "\"${PODS_ROOT}/Target Support Files/Pods-RidesharingSimulator-development/Pods-RidesharingSimulator-development-frameworks.sh\"\n";
			showEnvVarsInLog = 0;
		};
/* End PBXShellScriptBuildPhase section */

/* Begin PBXSourcesBuildPhase section */
		2DA3B218232C56200013A37D /* Sources */ = {
			isa = PBXSourcesBuildPhase;
			buildActionMask = 2147483647;
			files = (
				2DA3B27B232C61F50013A37D /* Alertable.swift in Sources */,
				2DA3B271232C614A0013A37D /* RoudedCornerTextField.swift in Sources */,
				2DA3B25D232C5E260013A37D /* HomeVC.swift in Sources */,
				2DA3B25F232C5E500013A37D /* LeftSidePanelVC.swift in Sources */,
				2DA3B26B232C60F00013A37D /* RoundedShadowView.swift in Sources */,
				2DA3B273232C615D0013A37D /* DriverAnnotation.swift in Sources */,
				2DA3B285232C627B0013A37D /* Constants.swift in Sources */,
				2DA3B279232C61E30013A37D /* CenterVCDelegate.swift in Sources */,
				2DA3B263232C5E900013A37D /* LoginVC.swift in Sources */,
				2DA3B222232C56200013A37D /* ViewController.swift in Sources */,
				2DA3B220232C56200013A37D /* AppDelegate.swift in Sources */,
				2DA3B27F232C62370013A37D /* UIViewControllerExt.swift in Sources */,
				2DA3B26D232C61120013A37D /* CircleView.swift in Sources */,
				2DA3B265232C5EAE0013A37D /* PickupVC.swift in Sources */,
				2DA3B27D232C62130013A37D /* UIViewExt.swift in Sources */,
				2DA3B267232C60A80013A37D /* GradientView.swift in Sources */,
				2DA3B281232C624F0013A37D /* DataService.swift in Sources */,
				2DA3B283232C62650013A37D /* UpdateService.swift in Sources */,
				2DA3B261232C5E730013A37D /* ContainerVC.swift in Sources */,
				2DA3B269232C60D00013A37D /* RoundImageView.swift in Sources */,
				2DA3B275232C619F0013A37D /* PassengerAnnotation.swift in Sources */,
				2DA3B277232C61B20013A37D /* RoundMapView.swift in Sources */,
				2DA3B26F232C612C0013A37D /* RoundedShadowButton.swift in Sources */,
			);
			runOnlyForDeploymentPostprocessing = 0;
		};
/* End PBXSourcesBuildPhase section */

/* Begin XCBuildConfiguration section */
		2DA3B22C232C56210013A37D /* Debug */ = {
			isa = XCBuildConfiguration;
			buildSettings = {
				ALWAYS_SEARCH_USER_PATHS = NO;
				CLANG_ANALYZER_NONNULL = YES;
				CLANG_ANALYZER_NUMBER_OBJECT_CONVERSION = YES_AGGRESSIVE;
				CLANG_CXX_LANGUAGE_STANDARD = "gnu++14";
				CLANG_CXX_LIBRARY = "libc++";
				CLANG_ENABLE_MODULES = YES;
				CLANG_ENABLE_OBJC_ARC = YES;
				CLANG_ENABLE_OBJC_WEAK = YES;
				CLANG_WARN_BLOCK_CAPTURE_AUTORELEASING = YES;
				CLANG_WARN_BOOL_CONVERSION = YES;
				CLANG_WARN_COMMA = YES;
				CLANG_WARN_CONSTANT_CONVERSION = YES;
				CLANG_WARN_DEPRECATED_OBJC_IMPLEMENTATIONS = YES;
				CLANG_WARN_DIRECT_OBJC_ISA_USAGE = YES_ERROR;
				CLANG_WARN_DOCUMENTATION_COMMENTS = YES;
				CLANG_WARN_EMPTY_BODY = YES;
				CLANG_WARN_ENUM_CONVERSION = YES;
				CLANG_WARN_INFINITE_RECURSION = YES;
				CLANG_WARN_INT_CONVERSION = YES;
				CLANG_WARN_NON_LITERAL_NULL_CONVERSION = YES;
				CLANG_WARN_OBJC_IMPLICIT_RETAIN_SELF = YES;
				CLANG_WARN_OBJC_LITERAL_CONVERSION = YES;
				CLANG_WARN_OBJC_ROOT_CLASS = YES_ERROR;
				CLANG_WARN_RANGE_LOOP_ANALYSIS = YES;
				CLANG_WARN_STRICT_PROTOTYPES = YES;
				CLANG_WARN_SUSPICIOUS_MOVE = YES;
				CLANG_WARN_UNGUARDED_AVAILABILITY = YES_AGGRESSIVE;
				CLANG_WARN_UNREACHABLE_CODE = YES;
				CLANG_WARN__DUPLICATE_METHOD_MATCH = YES;
				CODE_SIGN_IDENTITY = "iPhone Developer";
				COPY_PHASE_STRIP = NO;
				DEBUG_INFORMATION_FORMAT = dwarf;
				ENABLE_STRICT_OBJC_MSGSEND = YES;
				ENABLE_TESTABILITY = YES;
				GCC_C_LANGUAGE_STANDARD = gnu11;
				GCC_DYNAMIC_NO_PIC = NO;
				GCC_NO_COMMON_BLOCKS = YES;
				GCC_OPTIMIZATION_LEVEL = 0;
				GCC_PREPROCESSOR_DEFINITIONS = (
					"DEBUG=1",
					"$(inherited)",
				);
				GCC_WARN_64_TO_32_BIT_CONVERSION = YES;
				GCC_WARN_ABOUT_RETURN_TYPE = YES_ERROR;
				GCC_WARN_UNDECLARED_SELECTOR = YES;
				GCC_WARN_UNINITIALIZED_AUTOS = YES_AGGRESSIVE;
				GCC_WARN_UNUSED_FUNCTION = YES;
				GCC_WARN_UNUSED_VARIABLE = YES;
				IPHONEOS_DEPLOYMENT_TARGET = 12.4;
				MTL_ENABLE_DEBUG_INFO = INCLUDE_SOURCE;
				MTL_FAST_MATH = YES;
				ONLY_ACTIVE_ARCH = YES;
				SDKROOT = iphoneos;
				SWIFT_ACTIVE_COMPILATION_CONDITIONS = DEBUG;
				SWIFT_OPTIMIZATION_LEVEL = "-Onone";
			};
			name = Debug;
		};
		2DA3B22D232C56210013A37D /* Release */ = {
			isa = XCBuildConfiguration;
			buildSettings = {
				ALWAYS_SEARCH_USER_PATHS = NO;
				CLANG_ANALYZER_NONNULL = YES;
				CLANG_ANALYZER_NUMBER_OBJECT_CONVERSION = YES_AGGRESSIVE;
				CLANG_CXX_LANGUAGE_STANDARD = "gnu++14";
				CLANG_CXX_LIBRARY = "libc++";
				CLANG_ENABLE_MODULES = YES;
				CLANG_ENABLE_OBJC_ARC = YES;
				CLANG_ENABLE_OBJC_WEAK = YES;
				CLANG_WARN_BLOCK_CAPTURE_AUTORELEASING = YES;
				CLANG_WARN_BOOL_CONVERSION = YES;
				CLANG_WARN_COMMA = YES;
				CLANG_WARN_CONSTANT_CONVERSION = YES;
				CLANG_WARN_DEPRECATED_OBJC_IMPLEMENTATIONS = YES;
				CLANG_WARN_DIRECT_OBJC_ISA_USAGE = YES_ERROR;
				CLANG_WARN_DOCUMENTATION_COMMENTS = YES;
				CLANG_WARN_EMPTY_BODY = YES;
				CLANG_WARN_ENUM_CONVERSION = YES;
				CLANG_WARN_INFINITE_RECURSION = YES;
				CLANG_WARN_INT_CONVERSION = YES;
				CLANG_WARN_NON_LITERAL_NULL_CONVERSION = YES;
				CLANG_WARN_OBJC_IMPLICIT_RETAIN_SELF = YES;
				CLANG_WARN_OBJC_LITERAL_CONVERSION = YES;
				CLANG_WARN_OBJC_ROOT_CLASS = YES_ERROR;
				CLANG_WARN_RANGE_LOOP_ANALYSIS = YES;
				CLANG_WARN_STRICT_PROTOTYPES = YES;
				CLANG_WARN_SUSPICIOUS_MOVE = YES;
				CLANG_WARN_UNGUARDED_AVAILABILITY = YES_AGGRESSIVE;
				CLANG_WARN_UNREACHABLE_CODE = YES;
				CLANG_WARN__DUPLICATE_METHOD_MATCH = YES;
				CODE_SIGN_IDENTITY = "iPhone Developer";
				COPY_PHASE_STRIP = NO;
				DEBUG_INFORMATION_FORMAT = "dwarf-with-dsym";
				ENABLE_NS_ASSERTIONS = NO;
				ENABLE_STRICT_OBJC_MSGSEND = YES;
				GCC_C_LANGUAGE_STANDARD = gnu11;
				GCC_NO_COMMON_BLOCKS = YES;
				GCC_WARN_64_TO_32_BIT_CONVERSION = YES;
				GCC_WARN_ABOUT_RETURN_TYPE = YES_ERROR;
				GCC_WARN_UNDECLARED_SELECTOR = YES;
				GCC_WARN_UNINITIALIZED_AUTOS = YES_AGGRESSIVE;
				GCC_WARN_UNUSED_FUNCTION = YES;
				GCC_WARN_UNUSED_VARIABLE = YES;
				IPHONEOS_DEPLOYMENT_TARGET = 12.4;
				MTL_ENABLE_DEBUG_INFO = NO;
				MTL_FAST_MATH = YES;
				SDKROOT = iphoneos;
				SWIFT_COMPILATION_MODE = wholemodule;
				SWIFT_OPTIMIZATION_LEVEL = "-O";
				VALIDATE_PRODUCT = YES;
			};
			name = Release;
		};
		2DA3B22F232C56210013A37D /* Debug */ = {
			isa = XCBuildConfiguration;
			baseConfigurationReference = 5283DA62A9F808511B493559 /* Pods-RidesharingSimulator-development.debug.xcconfig */;
			buildSettings = {
				ASSETCATALOG_COMPILER_APPICON_NAME = AppIcon;
				CODE_SIGN_STYLE = Automatic;
				DEVELOPMENT_TEAM = 8LRFA58VT8;
				INFOPLIST_FILE = "RidesharingSimulator-development/Info.plist";
				LD_RUNPATH_SEARCH_PATHS = (
					"$(inherited)",
					"@executable_path/Frameworks",
				);
				PRODUCT_BUNDLE_IDENTIFIER = "com.personalTraining.RidesharingSimulator-development";
				PRODUCT_NAME = "$(TARGET_NAME)";
				SWIFT_VERSION = 5.0;
				TARGETED_DEVICE_FAMILY = "1,2";
			};
			name = Debug;
		};
		2DA3B230232C56210013A37D /* Release */ = {
			isa = XCBuildConfiguration;
			baseConfigurationReference = A47BAB83B1370AAF14B8AB4D /* Pods-RidesharingSimulator-development.release.xcconfig */;
			buildSettings = {
				ASSETCATALOG_COMPILER_APPICON_NAME = AppIcon;
				CODE_SIGN_STYLE = Automatic;
				DEVELOPMENT_TEAM = 8LRFA58VT8;
				INFOPLIST_FILE = "RidesharingSimulator-development/Info.plist";
				LD_RUNPATH_SEARCH_PATHS = (
					"$(inherited)",
					"@executable_path/Frameworks",
				);
				PRODUCT_BUNDLE_IDENTIFIER = "com.personalTraining.RidesharingSimulator-development";
				PRODUCT_NAME = "$(TARGET_NAME)";
				SWIFT_VERSION = 5.0;
				TARGETED_DEVICE_FAMILY = "1,2";
			};
			name = Release;
		};
/* End XCBuildConfiguration section */

/* Begin XCConfigurationList section */
		2DA3B217232C561F0013A37D /* Build configuration list for PBXProject "RidesharingSimulator-development" */ = {
			isa = XCConfigurationList;
			buildConfigurations = (
				2DA3B22C232C56210013A37D /* Debug */,
				2DA3B22D232C56210013A37D /* Release */,
			);
			defaultConfigurationIsVisible = 0;
			defaultConfigurationName = Release;
		};
		2DA3B22E232C56210013A37D /* Build configuration list for PBXNativeTarget "RidesharingSimulator-development" */ = {
			isa = XCConfigurationList;
			buildConfigurations = (
				2DA3B22F232C56210013A37D /* Debug */,
				2DA3B230232C56210013A37D /* Release */,
			);
			defaultConfigurationIsVisible = 0;
			defaultConfigurationName = Release;
		};
/* End XCConfigurationList section */
	};
	rootObject = 2DA3B214232C561F0013A37D /* Project object */;
}
